dependencies:
  esp-idf-lib/esp_idf_lib_helpers:
    component_hash: 689853bb8993434f9556af0f2816e808bf77b5d22100144b21f3519993daf237
    dependencies: []
    source:
      registry_url: https://components.espressif.com
      type: service
    targets:
    - esp32
    - esp32c2
    - esp32c3
    - esp32c5
    - esp32c6
    - esp32c61
    - esp32h2
    - esp32p4
    - esp32s2
    - esp32s3
    version: 1.4.0
  esp-idf-lib/i2cdev:
    component_hash: 4f3838b2e68ab2b77fd43737139fa97dd0243b46af7b4a04588c67ff6b275ba1
    dependencies:
    - name: esp-idf-lib/esp_idf_lib_helpers
      registry_url: https://components.espressif.com
      require: private
      version: '*'
    source:
      registry_url: https://components.espressif.com/
      type: service
    targets:
    - esp32
    - esp32c2
    - esp32c3
    - esp32c5
    - esp32c6
    - esp32c61
    - esp32h2
    - esp32p4
    - esp32s2
    - esp32s3
    version: 2.1.0
  idf:
    source:
      type: idf
    version: 5.4.1
direct_dependencies:
- esp-idf-lib/i2cdev
- idf
manifest_hash: 3f0c32df6c56db2bda43e75e7b8ec027dfba377e83792c88b3e548e8ec2ddb2a
target: esp32c3
version: 2.0.0
