dependencies:
  espressif/led_strip:
    component_hash: 67d2744208e9c12d8b1992d21c979396c1726e57cb7e35e7c171c515be20f8ea
    dependencies:
    - name: idf
      require: private
      version: '>=4.4'
    source:
      registry_url: https://components.espressif.com/
      type: service
    version: 2.5.3
  fasani/adafruit_gfx:
    component_hash: 8e1c83032d233ad8db4adc82209e1c7f89b9784513d7dd70bdc95260b3409135
    dependencies: []
    source:
      registry_url: https://components.espressif.com/
      type: service
    version: 1.7.8
  idf:
    source:
      type: idf
    version: 5.4.0
direct_dependencies:
- espressif/led_strip
- fasani/adafruit_gfx
manifest_hash: 4140e913e21bc225f903224d0abd05d0463a67b42829151a6d89b8fc9a3bd836
target: esp32c3
version: 2.0.0
