dependencies:
  idf:
    source:
      type: idf
    version: 5.4.1
  igrr/libnmea:
    component_hash: d6e78e853e75882c17cd4f200d110b84824e728cefbb84152227f0f4f98d8a50
    dependencies:
    - name: idf
      require: private
      version: '>=4.2'
    source:
      registry_url: https://components.espressif.com/
      type: service
    version: 0.2.1
direct_dependencies:
- idf
- igrr/libnmea
manifest_hash: e20726fc998cda82b5cd43f8b05d3bac360c7856c33c5550acc4628422e4b998
target: esp32c3
version: 2.0.0
