dependencies:
  idf:
    component_hash: null
    source:
      type: idf
    version: 5.2.2
  protocol_examples_common:
    component_hash: null
    source:
      path: C:\Users\alex\esp\v5.2.2\esp-idf\examples\common_components\protocol_examples_common
      type: local
    version: '*'
manifest_hash: e6014d435837550955027e5be820869dc4ca153a1b198cbf1739daf52c50359e
target: esp32
version: 1.0.0
